
Microsoft Visual Studio Solution File, Format Version 12.00
# Visual Studio Version 16
VisualStudioVersion = 16.0.31729.503
MinimumVisualStudioVersion = 10.0.40219.1
Project("{8BC9CEB8-8B4A-11D0-8D11-00A0C91BC942}") = "problemMultiWaris", "problemMultiWaris\problemMultiWaris.vcxproj", "{776A3BB5-522E-4526-BF5E-EA2024CFDE07}"
EndProject
Project("{8BC9CEB8-8B4A-11D0-8D11-00A0C91BC942}") = "solveMultiWaris", "solveMultiWaris\solveMultiWaris.vcxproj", "{6CA898DE-520B-4DE6-A39C-C917ECC61DD0}"
EndProject
Project("{8BC9CEB8-8B4A-11D0-8D11-00A0C91BC942}") = "Polimorpi", "Polimorpi\Polimorpi.vcxproj", "{B870C5CD-C229-443A-8EB2-DC6058C361FA}"
EndProject
Project("{8BC9CEB8-8B4A-11D0-8D11-00A0C91BC942}") = "noOverriding", "noOverriding\noOverriding.vcxproj", "{002692D4-36E7-40AF-B879-C0272931D222}"
EndProject
Global
	GlobalSection(SolutionConfigurationPlatforms) = preSolution
		Debug|x64 = Debug|x64
		Debug|x86 = Debug|x86
		Release|x64 = Release|x64
		Release|x86 = Release|x86
	EndGlobalSection
	GlobalSection(ProjectConfigurationPlatforms) = postSolution
		{776A3BB5-522E-4526-BF5E-EA2024CFDE07}.Debug|x64.ActiveCfg = Debug|x64
		{776A3BB5-522E-4526-BF5E-EA2024CFDE07}.Debug|x64.Build.0 = Debug|x64
		{776A3BB5-522E-4526-BF5E-EA2024CFDE07}.Debug|x86.ActiveCfg = Debug|Win32
		{776A3BB5-522E-4526-BF5E-EA2024CFDE07}.Debug|x86.Build.0 = Debug|Win32
		{776A3BB5-522E-4526-BF5E-EA2024CFDE07}.Release|x64.ActiveCfg = Release|x64
		{776A3BB5-522E-4526-BF5E-EA2024CFDE07}.Release|x64.Build.0 = Release|x64
		{776A3BB5-522E-4526-BF5E-EA2024CFDE07}.Release|x86.ActiveCfg = Release|Win32
		{776A3BB5-522E-4526-BF5E-EA2024CFDE07}.Release|x86.Build.0 = Release|Win32
		{6CA898DE-520B-4DE6-A39C-C917ECC61DD0}.Debug|x64.ActiveCfg = Debug|x64
		{6CA898DE-520B-4DE6-A39C-C917ECC61DD0}.Debug|x64.Build.0 = Debug|x64
		{6CA898DE-520B-4DE6-A39C-C917ECC61DD0}.Debug|x86.ActiveCfg = Debug|Win32
		{6CA898DE-520B-4DE6-A39C-C917ECC61DD0}.Debug|x86.Build.0 = Debug|Win32
		{6CA898DE-520B-4DE6-A39C-C917ECC61DD0}.Release|x64.ActiveCfg = Release|x64
		{6CA898DE-520B-4DE6-A39C-C917ECC61DD0}.Release|x64.Build.0 = Release|x64
		{6CA898DE-520B-4DE6-A39C-C917ECC61DD0}.Release|x86.ActiveCfg = Release|Win32
		{6CA898DE-520B-4DE6-A39C-C917ECC61DD0}.Release|x86.Build.0 = Release|Win32
		{B870C5CD-C229-443A-8EB2-DC6058C361FA}.Debug|x64.ActiveCfg = Debug|x64
		{B870C5CD-C229-443A-8EB2-DC6058C361FA}.Debug|x64.Build.0 = Debug|x64
		{B870C5CD-C229-443A-8EB2-DC6058C361FA}.Debug|x86.ActiveCfg = Debug|Win32
		{B870C5CD-C229-443A-8EB2-DC6058C361FA}.Debug|x86.Build.0 = Debug|Win32
		{B870C5CD-C229-443A-8EB2-DC6058C361FA}.Release|x64.ActiveCfg = Release|x64
		{B870C5CD-C229-443A-8EB2-DC6058C361FA}.Release|x64.Build.0 = Release|x64
		{B870C5CD-C229-443A-8EB2-DC6058C361FA}.Release|x86.ActiveCfg = Release|Win32
		{B870C5CD-C229-443A-8EB2-DC6058C361FA}.Release|x86.Build.0 = Release|Win32
		{002692D4-36E7-40AF-B879-C0272931D222}.Debug|x64.ActiveCfg = Debug|x64
		{002692D4-36E7-40AF-B879-C0272931D222}.Debug|x64.Build.0 = Debug|x64
		{002692D4-36E7-40AF-B879-C0272931D222}.Debug|x86.ActiveCfg = Debug|Win32
		{002692D4-36E7-40AF-B879-C0272931D222}.Debug|x86.Build.0 = Debug|Win32
		{002692D4-36E7-40AF-B879-C0272931D222}.Release|x64.ActiveCfg = Release|x64
		{002692D4-36E7-40AF-B879-C0272931D222}.Release|x64.Build.0 = Release|x64
		{002692D4-36E7-40AF-B879-C0272931D222}.Release|x86.ActiveCfg = Release|Win32
		{002692D4-36E7-40AF-B879-C0272931D222}.Release|x86.Build.0 = Release|Win32
	EndGlobalSection
	GlobalSection(SolutionProperties) = preSolution
		HideSolutionNode = FALSE
	EndGlobalSection
	GlobalSection(ExtensibilityGlobals) = postSolution
		SolutionGuid = {C4DB34B0-8203-48D5-898D-0669A3CCAF29}
	EndGlobalSection
EndGlobal
